
Microsoft Visual Studio Solution File, Format Version 12.00
# Visual Studio Version 17
VisualStudioVersion = 17.14.36511.14 d17.14
MinimumVisualStudioVersion = 10.0.40219.1
Project("{FAE04EC0-301F-11D3-BF4B-00C04F79EFBC}") = "partita_di_calcio", "partita_di_calcio.csproj", "{CDD2E847-A829-4B8D-A5D7-0F0C0ED5561A}"
EndProject
Global
	GlobalSection(SolutionConfigurationPlatforms) = preSolution
		Debug|Any CPU = Debug|Any CPU
		Release|Any CPU = Release|Any CPU
	EndGlobalSection
	GlobalSection(ProjectConfigurationPlatforms) = postSolution
		{CDD2E847-A829-4B8D-A5D7-0F0C0ED5561A}.Debug|Any CPU.ActiveCfg = Debug|Any CPU
		{CDD2E847-A829-4B8D-A5D7-0F0C0ED5561A}.Debug|Any CPU.Build.0 = Debug|Any CPU
		{CDD2E847-A829-4B8D-A5D7-0F0C0ED5561A}.Release|Any CPU.ActiveCfg = Release|Any CPU
		{CDD2E847-A829-4B8D-A5D7-0F0C0ED5561A}.Release|Any CPU.Build.0 = Release|Any CPU
	EndGlobalSection
	GlobalSection(SolutionProperties) = preSolution
		HideSolutionNode = FALSE
	EndGlobalSection
	GlobalSection(ExtensibilityGlobals) = postSolution
		SolutionGuid = {D1E166BA-69A9-4718-8512-47CB97C6F53B}
	EndGlobalSection
EndGlobal
